
Microsoft Visual Studio Solution File, Format Version 12.00
# Visual Studio 15
Project("{FAE04EC0-301F-11D3-BF4B-00C04F79EFBC}") = "ideal-rotary-phone", "ideal-rotary-phone\ideal-rotary-phone.csproj", "{7F229E89-4A66-487D-A21B-DE4BBAAB6EA6}"
EndProject
Global
	GlobalSection(SolutionConfigurationPlatforms) = preSolution
		Debug|Any CPU = Debug|Any CPU
		Release|Any CPU = Release|Any CPU
	EndGlobalSection
	GlobalSection(ProjectConfigurationPlatforms) = postSolution
		{7F229E89-4A66-487D-A21B-DE4BBAAB6EA6}.Debug|Any CPU.ActiveCfg = Debug|Any CPU
		{7F229E89-4A66-487D-A21B-DE4BBAAB6EA6}.Debug|Any CPU.Build.0 = Debug|Any CPU
		{7F229E89-4A66-487D-A21B-DE4BBAAB6EA6}.Release|Any CPU.ActiveCfg = Release|Any CPU
		{7F229E89-4A66-487D-A21B-DE4BBAAB6EA6}.Release|Any CPU.Build.0 = Release|Any CPU
	EndGlobalSection
EndGlobal
